{
  "R": {
    "Version": "4.4.1",
    "Repositories": [
      {
        "Name": "CRAN",
        "URL": "https://cloud.r-project.org"
      }
    ]
  },
  "Packages": {
    "renv": {
      "Package": "renv",
      "Version": "1.0.10",
      "Source": "Repository",
      "Repository": "CRAN",
      "Requirements": [
        "utils"
      ],
      "Hash": "d0387d5687ec933dd7587efd4cfa2d85"
    },
    "showtext": {
      "Package": "showtext",
      "Version": "0.9-7",
      "Source": "Repository",
      "Repository": "CRAN",
      "Requirements": [
        "grDevices",
        "showtextdb",
        "sysfonts"
      ],
      "Hash": "ebc23fc796c28737ffe0a64e5404f3d1"
    },
    "showtextdb": {
      "Package": "showtextdb",
      "Version": "3.0",
      "Source": "Repository",
      "Repository": "CRAN",
      "Requirements": [
        "sysfonts",
        "utils"
      ],
      "Hash": "c12e756cf947e58b0f2c2a520521a5a8"
    },
    "sysfonts": {
      "Package": "sysfonts",
      "Version": "0.8.9",
      "Source": "Repository",
      "Repository": "CRAN",
      "Hash": "7dfca1e9c5c278300b5ca6a1772072f7"
    }
  }
}
